
Microsoft Visual Studio Solution File, Format Version 12.00
# Visual Studio Version 17
VisualStudioVersion = 17.10.34928.147
MinimumVisualStudioVersion = 10.0.40219.1
Project("{FAE04EC0-301F-11D3-BF4B-00C04F79EFBC}") = "ArrayDeObjetos17.06", "ArrayDeObjetos17.06\ArrayDeObjetos17.06.csproj", "{2A97DE3E-3157-42B0-BB09-82709BCDABFA}"
EndProject
Global
	GlobalSection(SolutionConfigurationPlatforms) = preSolution
		Debug|Any CPU = Debug|Any CPU
		Release|Any CPU = Release|Any CPU
	EndGlobalSection
	GlobalSection(ProjectConfigurationPlatforms) = postSolution
		{2A97DE3E-3157-42B0-BB09-82709BCDABFA}.Debug|Any CPU.ActiveCfg = Debug|Any CPU
		{2A97DE3E-3157-42B0-BB09-82709BCDABFA}.Debug|Any CPU.Build.0 = Debug|Any CPU
		{2A97DE3E-3157-42B0-BB09-82709BCDABFA}.Release|Any CPU.ActiveCfg = Release|Any CPU
		{2A97DE3E-3157-42B0-BB09-82709BCDABFA}.Release|Any CPU.Build.0 = Release|Any CPU
	EndGlobalSection
	GlobalSection(SolutionProperties) = preSolution
		HideSolutionNode = FALSE
	EndGlobalSection
	GlobalSection(ExtensibilityGlobals) = postSolution
		SolutionGuid = {2D70D7F0-CA3A-4ED3-94A9-342363C6FEAF}
	EndGlobalSection
EndGlobal
